
Microsoft Visual Studio Solution File, Format Version 12.00
# Visual Studio Version 16
VisualStudioVersion = 16.0.31911.196
MinimumVisualStudioVersion = 10.0.40219.1
Project("{FAE04EC0-301F-11D3-BF4B-00C04F79EFBC}") = "PaymentsProject", "PaymentsProject\PaymentsProject.csproj", "{D79B0819-DA27-4062-9204-C42EBA79AE21}"
EndProject
Global
	GlobalSection(SolutionConfigurationPlatforms) = preSolution
		Debug|Any CPU = Debug|Any CPU
		Release|Any CPU = Release|Any CPU
	EndGlobalSection
	GlobalSection(ProjectConfigurationPlatforms) = postSolution
		{D79B0819-DA27-4062-9204-C42EBA79AE21}.Debug|Any CPU.ActiveCfg = Debug|Any CPU
		{D79B0819-DA27-4062-9204-C42EBA79AE21}.Debug|Any CPU.Build.0 = Debug|Any CPU
		{D79B0819-DA27-4062-9204-C42EBA79AE21}.Release|Any CPU.ActiveCfg = Release|Any CPU
		{D79B0819-DA27-4062-9204-C42EBA79AE21}.Release|Any CPU.Build.0 = Release|Any CPU
	EndGlobalSection
	GlobalSection(SolutionProperties) = preSolution
		HideSolutionNode = FALSE
	EndGlobalSection
	GlobalSection(ExtensibilityGlobals) = postSolution
		SolutionGuid = {DAC6F53D-308C-4E9B-855E-9A21A3B6F2D7}
	EndGlobalSection
EndGlobal
